
Microsoft Visual Studio Solution File, Format Version 10.00
# Visual C# Express 2008
Project("{FAE04EC0-301F-11D3-BF4B-00C04F79EFBC}") = "Exercise 11-3", "Exercise 11-3\Exercise 11-3.csproj", "{6AB0F9FB-74B6-4C54-857A-0F75F66D251F}"
EndProject
Global
	GlobalSection(SolutionConfigurationPlatforms) = preSolution
		Debug|Any CPU = Debug|Any CPU
		Release|Any CPU = Release|Any CPU
	EndGlobalSection
	GlobalSection(ProjectConfigurationPlatforms) = postSolution
		{6AB0F9FB-74B6-4C54-857A-0F75F66D251F}.Debug|Any CPU.ActiveCfg = Debug|Any CPU
		{6AB0F9FB-74B6-4C54-857A-0F75F66D251F}.Debug|Any CPU.Build.0 = Debug|Any CPU
		{6AB0F9FB-74B6-4C54-857A-0F75F66D251F}.Release|Any CPU.ActiveCfg = Release|Any CPU
		{6AB0F9FB-74B6-4C54-857A-0F75F66D251F}.Release|Any CPU.Build.0 = Release|Any CPU
	EndGlobalSection
	GlobalSection(SolutionProperties) = preSolution
		HideSolutionNode = FALSE
	EndGlobalSection
EndGlobal
