
Microsoft Visual Studio Solution File, Format Version 10.00
# Visual C# Express 2008
Project("{FAE04EC0-301F-11D3-BF4B-00C04F79EFBC}") = "Exercise 5-4", "Exercise 5-4\Exercise 5-4.csproj", "{034252E1-1FBA-4E48-9747-58C775C93B26}"
EndProject
Global
	GlobalSection(SolutionConfigurationPlatforms) = preSolution
		Debug|Any CPU = Debug|Any CPU
		Release|Any CPU = Release|Any CPU
	EndGlobalSection
	GlobalSection(ProjectConfigurationPlatforms) = postSolution
		{034252E1-1FBA-4E48-9747-58C775C93B26}.Debug|Any CPU.ActiveCfg = Debug|Any CPU
		{034252E1-1FBA-4E48-9747-58C775C93B26}.Debug|Any CPU.Build.0 = Debug|Any CPU
		{034252E1-1FBA-4E48-9747-58C775C93B26}.Release|Any CPU.ActiveCfg = Release|Any CPU
		{034252E1-1FBA-4E48-9747-58C775C93B26}.Release|Any CPU.Build.0 = Release|Any CPU
	EndGlobalSection
	GlobalSection(SolutionProperties) = preSolution
		HideSolutionNode = FALSE
	EndGlobalSection
EndGlobal
