
Microsoft Visual Studio Solution File, Format Version 10.00
# Visual C# Express 2008
Project("{FAE04EC0-301F-11D3-BF4B-00C04F79EFBC}") = "Example 21-5 -- Joining results", "Example 21-5 -- Joining results\Example 21-5 -- Joining results.csproj", "{838D44D5-58E4-41AC-8049-84949F690D19}"
EndProject
Global
	GlobalSection(SolutionConfigurationPlatforms) = preSolution
		Debug|Any CPU = Debug|Any CPU
		Release|Any CPU = Release|Any CPU
	EndGlobalSection
	GlobalSection(ProjectConfigurationPlatforms) = postSolution
		{838D44D5-58E4-41AC-8049-84949F690D19}.Debug|Any CPU.ActiveCfg = Debug|Any CPU
		{838D44D5-58E4-41AC-8049-84949F690D19}.Debug|Any CPU.Build.0 = Debug|Any CPU
		{838D44D5-58E4-41AC-8049-84949F690D19}.Release|Any CPU.ActiveCfg = Release|Any CPU
		{838D44D5-58E4-41AC-8049-84949F690D19}.Release|Any CPU.Build.0 = Release|Any CPU
	EndGlobalSection
	GlobalSection(SolutionProperties) = preSolution
		HideSolutionNode = FALSE
	EndGlobalSection
EndGlobal
