
Microsoft Visual Studio Solution File, Format Version 10.00
# Visual C# Express 2008
Project("{FAE04EC0-301F-11D3-BF4B-00C04F79EFBC}") = "Example 13-4 -- Extending Interfaces", "Example 13-4 -- Extending Interfaces\Example 13-4 -- Extending Interfaces.csproj", "{B8F9C665-5C2C-448B-B84F-0B3930F36EF2}"
EndProject
Global
	GlobalSection(SolutionConfigurationPlatforms) = preSolution
		Debug|Any CPU = Debug|Any CPU
		Release|Any CPU = Release|Any CPU
	EndGlobalSection
	GlobalSection(ProjectConfigurationPlatforms) = postSolution
		{B8F9C665-5C2C-448B-B84F-0B3930F36EF2}.Debug|Any CPU.ActiveCfg = Debug|Any CPU
		{B8F9C665-5C2C-448B-B84F-0B3930F36EF2}.Debug|Any CPU.Build.0 = Debug|Any CPU
		{B8F9C665-5C2C-448B-B84F-0B3930F36EF2}.Release|Any CPU.ActiveCfg = Release|Any CPU
		{B8F9C665-5C2C-448B-B84F-0B3930F36EF2}.Release|Any CPU.Build.0 = Release|Any CPU
	EndGlobalSection
	GlobalSection(SolutionProperties) = preSolution
		HideSolutionNode = FALSE
	EndGlobalSection
EndGlobal
