
Microsoft Visual Studio Solution File, Format Version 10.00
# Visual C# Express 2008
Project("{FAE04EC0-301F-11D3-BF4B-00C04F79EFBC}") = "Example 5-8 -- The switch Statement", "Example 5-8 -- The switch Statement\Example 5-8 -- The switch Statement.csproj", "{8012C9F7-5D6A-4373-B454-15ECBBAD621C}"
EndProject
Global
	GlobalSection(SolutionConfigurationPlatforms) = preSolution
		Debug|Any CPU = Debug|Any CPU
		Release|Any CPU = Release|Any CPU
	EndGlobalSection
	GlobalSection(ProjectConfigurationPlatforms) = postSolution
		{8012C9F7-5D6A-4373-B454-15ECBBAD621C}.Debug|Any CPU.ActiveCfg = Debug|Any CPU
		{8012C9F7-5D6A-4373-B454-15ECBBAD621C}.Debug|Any CPU.Build.0 = Debug|Any CPU
		{8012C9F7-5D6A-4373-B454-15ECBBAD621C}.Release|Any CPU.ActiveCfg = Release|Any CPU
		{8012C9F7-5D6A-4373-B454-15ECBBAD621C}.Release|Any CPU.Build.0 = Release|Any CPU
	EndGlobalSection
	GlobalSection(SolutionProperties) = preSolution
		HideSolutionNode = FALSE
	EndGlobalSection
EndGlobal
