
Microsoft Visual Studio Solution File, Format Version 10.00
# Visual C# Express 2008
Project("{FAE04EC0-301F-11D3-BF4B-00C04F79EFBC}") = "Exercise 9-3", "Exercise 9-3.csproj", "{AAB65A48-585A-4DC8-AE1F-EE8A3D68B452}"
EndProject
Global
	GlobalSection(SolutionConfigurationPlatforms) = preSolution
		Debug|Any CPU = Debug|Any CPU
		Release|Any CPU = Release|Any CPU
	EndGlobalSection
	GlobalSection(ProjectConfigurationPlatforms) = postSolution
		{AAB65A48-585A-4DC8-AE1F-EE8A3D68B452}.Debug|Any CPU.ActiveCfg = Debug|Any CPU
		{AAB65A48-585A-4DC8-AE1F-EE8A3D68B452}.Debug|Any CPU.Build.0 = Debug|Any CPU
		{AAB65A48-585A-4DC8-AE1F-EE8A3D68B452}.Release|Any CPU.ActiveCfg = Release|Any CPU
		{AAB65A48-585A-4DC8-AE1F-EE8A3D68B452}.Release|Any CPU.Build.0 = Release|Any CPU
	EndGlobalSection
	GlobalSection(SolutionProperties) = preSolution
		HideSolutionNode = FALSE
	EndGlobalSection
EndGlobal
