
Microsoft Visual Studio Solution File, Format Version 10.00
# Visual C# Express 2008
Project("{FAE04EC0-301F-11D3-BF4B-00C04F79EFBC}") = "Example 15-4 String Equality", "Example 15-4 String Equality\Example 15-4 String Equality.csproj", "{CE11EE59-779F-4EC6-AB46-2B2804572FB9}"
EndProject
Global
	GlobalSection(SolutionConfigurationPlatforms) = preSolution
		Debug|Any CPU = Debug|Any CPU
		Release|Any CPU = Release|Any CPU
	EndGlobalSection
	GlobalSection(ProjectConfigurationPlatforms) = postSolution
		{CE11EE59-779F-4EC6-AB46-2B2804572FB9}.Debug|Any CPU.ActiveCfg = Debug|Any CPU
		{CE11EE59-779F-4EC6-AB46-2B2804572FB9}.Debug|Any CPU.Build.0 = Debug|Any CPU
		{CE11EE59-779F-4EC6-AB46-2B2804572FB9}.Release|Any CPU.ActiveCfg = Release|Any CPU
		{CE11EE59-779F-4EC6-AB46-2B2804572FB9}.Release|Any CPU.Build.0 = Release|Any CPU
	EndGlobalSection
	GlobalSection(SolutionProperties) = preSolution
		HideSolutionNode = FALSE
	EndGlobalSection
EndGlobal
