
Microsoft Visual Studio Solution File, Format Version 10.00
# Visual C# Express 2008
Project("{FAE04EC0-301F-11D3-BF4B-00C04F79EFBC}") = "Example 16-5 -- finally Block", "Example 16-5 -- finally Block\Example 16-5 -- finally Block.csproj", "{65129635-EACF-417C-BD34-F927131B20BA}"
EndProject
Global
	GlobalSection(SolutionConfigurationPlatforms) = preSolution
		Debug|Any CPU = Debug|Any CPU
		Release|Any CPU = Release|Any CPU
	EndGlobalSection
	GlobalSection(ProjectConfigurationPlatforms) = postSolution
		{65129635-EACF-417C-BD34-F927131B20BA}.Debug|Any CPU.ActiveCfg = Debug|Any CPU
		{65129635-EACF-417C-BD34-F927131B20BA}.Debug|Any CPU.Build.0 = Debug|Any CPU
		{65129635-EACF-417C-BD34-F927131B20BA}.Release|Any CPU.ActiveCfg = Release|Any CPU
		{65129635-EACF-417C-BD34-F927131B20BA}.Release|Any CPU.Build.0 = Release|Any CPU
	EndGlobalSection
	GlobalSection(SolutionProperties) = preSolution
		HideSolutionNode = FALSE
	EndGlobalSection
EndGlobal
