
Microsoft Visual Studio Solution File, Format Version 10.00
# Visual C# Express 2008
Project("{FAE04EC0-301F-11D3-BF4B-00C04F79EFBC}") = "Example 5-13 -- The do...while Loop", "Example 5-13 -- The do...while Loop\Example 5-13 -- The do...while Loop.csproj", "{4E1062B0-AEDD-492D-9CA3-0497F49F1ACD}"
EndProject
Global
	GlobalSection(SolutionConfigurationPlatforms) = preSolution
		Debug|Any CPU = Debug|Any CPU
		Release|Any CPU = Release|Any CPU
	EndGlobalSection
	GlobalSection(ProjectConfigurationPlatforms) = postSolution
		{4E1062B0-AEDD-492D-9CA3-0497F49F1ACD}.Debug|Any CPU.ActiveCfg = Debug|Any CPU
		{4E1062B0-AEDD-492D-9CA3-0497F49F1ACD}.Debug|Any CPU.Build.0 = Debug|Any CPU
		{4E1062B0-AEDD-492D-9CA3-0497F49F1ACD}.Release|Any CPU.ActiveCfg = Release|Any CPU
		{4E1062B0-AEDD-492D-9CA3-0497F49F1ACD}.Release|Any CPU.Build.0 = Release|Any CPU
	EndGlobalSection
	GlobalSection(SolutionProperties) = preSolution
		HideSolutionNode = FALSE
	EndGlobalSection
EndGlobal
