
Microsoft Visual Studio Solution File, Format Version 10.00
# Visual C# Express 2008
Project("{FAE04EC0-301F-11D3-BF4B-00C04F79EFBC}") = "Exercise 16-4", "Exercise 16-4\Exercise 16-4.csproj", "{C9FDF00B-F91C-411B-B881-C0B19D9B2871}"
EndProject
Global
	GlobalSection(SolutionConfigurationPlatforms) = preSolution
		Debug|Any CPU = Debug|Any CPU
		Release|Any CPU = Release|Any CPU
	EndGlobalSection
	GlobalSection(ProjectConfigurationPlatforms) = postSolution
		{C9FDF00B-F91C-411B-B881-C0B19D9B2871}.Debug|Any CPU.ActiveCfg = Debug|Any CPU
		{C9FDF00B-F91C-411B-B881-C0B19D9B2871}.Debug|Any CPU.Build.0 = Debug|Any CPU
		{C9FDF00B-F91C-411B-B881-C0B19D9B2871}.Release|Any CPU.ActiveCfg = Release|Any CPU
		{C9FDF00B-F91C-411B-B881-C0B19D9B2871}.Release|Any CPU.Build.0 = Release|Any CPU
	EndGlobalSection
	GlobalSection(SolutionProperties) = preSolution
		HideSolutionNode = FALSE
	EndGlobalSection
EndGlobal
