
Microsoft Visual Studio Solution File, Format Version 10.00
# Visual C# Express 2008
Project("{FAE04EC0-301F-11D3-BF4B-00C04F79EFBC}") = "Learning CSharp Windows Forms", "Learning CSharp Windows Forms\Learning CSharp Windows Forms.csproj", "{E6705B79-A948-4915-88D2-AB11C9F8F996}"
EndProject
Global
	GlobalSection(SolutionConfigurationPlatforms) = preSolution
		Debug|Any CPU = Debug|Any CPU
		Release|Any CPU = Release|Any CPU
	EndGlobalSection
	GlobalSection(ProjectConfigurationPlatforms) = postSolution
		{E6705B79-A948-4915-88D2-AB11C9F8F996}.Debug|Any CPU.ActiveCfg = Debug|Any CPU
		{E6705B79-A948-4915-88D2-AB11C9F8F996}.Debug|Any CPU.Build.0 = Debug|Any CPU
		{E6705B79-A948-4915-88D2-AB11C9F8F996}.Release|Any CPU.ActiveCfg = Release|Any CPU
		{E6705B79-A948-4915-88D2-AB11C9F8F996}.Release|Any CPU.Build.0 = Release|Any CPU
	EndGlobalSection
	GlobalSection(SolutionProperties) = preSolution
		HideSolutionNode = FALSE
	EndGlobalSection
EndGlobal
