
Microsoft Visual Studio Solution File, Format Version 10.00
# Visual C# Express 2008
Project("{FAE04EC0-301F-11D3-BF4B-00C04F79EFBC}") = "Example 8-3 -- Returning multiple values", "Example 8-3 -- Returning multiple values.csproj", "{414ECE23-6687-42B2-BB02-5DEFD516FC7E}"
EndProject
Global
	GlobalSection(SolutionConfigurationPlatforms) = preSolution
		Debug|Any CPU = Debug|Any CPU
		Release|Any CPU = Release|Any CPU
	EndGlobalSection
	GlobalSection(ProjectConfigurationPlatforms) = postSolution
		{414ECE23-6687-42B2-BB02-5DEFD516FC7E}.Debug|Any CPU.ActiveCfg = Debug|Any CPU
		{414ECE23-6687-42B2-BB02-5DEFD516FC7E}.Debug|Any CPU.Build.0 = Debug|Any CPU
		{414ECE23-6687-42B2-BB02-5DEFD516FC7E}.Release|Any CPU.ActiveCfg = Release|Any CPU
		{414ECE23-6687-42B2-BB02-5DEFD516FC7E}.Release|Any CPU.Build.0 = Release|Any CPU
	EndGlobalSection
	GlobalSection(SolutionProperties) = preSolution
		HideSolutionNode = FALSE
	EndGlobalSection
EndGlobal
