
Microsoft Visual Studio Solution File, Format Version 10.00
# Visual C# Express 2008
Project("{FAE04EC0-301F-11D3-BF4B-00C04F79EFBC}") = "Example 13-6 -- Explicit Interfaces", "Example 13-6 -- Explicit Interfaces\Example 13-6 -- Explicit Interfaces.csproj", "{B38134AD-3B15-4648-92F7-19AF8F063796}"
EndProject
Global
	GlobalSection(SolutionConfigurationPlatforms) = preSolution
		Debug|Any CPU = Debug|Any CPU
		Release|Any CPU = Release|Any CPU
	EndGlobalSection
	GlobalSection(ProjectConfigurationPlatforms) = postSolution
		{B38134AD-3B15-4648-92F7-19AF8F063796}.Debug|Any CPU.ActiveCfg = Debug|Any CPU
		{B38134AD-3B15-4648-92F7-19AF8F063796}.Debug|Any CPU.Build.0 = Debug|Any CPU
		{B38134AD-3B15-4648-92F7-19AF8F063796}.Release|Any CPU.ActiveCfg = Release|Any CPU
		{B38134AD-3B15-4648-92F7-19AF8F063796}.Release|Any CPU.Build.0 = Release|Any CPU
	EndGlobalSection
	GlobalSection(SolutionProperties) = preSolution
		HideSolutionNode = FALSE
	EndGlobalSection
EndGlobal
