
Microsoft Visual Studio Solution File, Format Version 10.00
# Visual C# Express 2008
Project("{FAE04EC0-301F-11D3-BF4B-00C04F79EFBC}") = "Exercise 14-4", "Exercise 14-4\Exercise 14-4.csproj", "{0B7AFA1F-0C63-493B-8060-B7CDB2F36ACB}"
EndProject
Global
	GlobalSection(SolutionConfigurationPlatforms) = preSolution
		Debug|Any CPU = Debug|Any CPU
		Release|Any CPU = Release|Any CPU
	EndGlobalSection
	GlobalSection(ProjectConfigurationPlatforms) = postSolution
		{0B7AFA1F-0C63-493B-8060-B7CDB2F36ACB}.Debug|Any CPU.ActiveCfg = Debug|Any CPU
		{0B7AFA1F-0C63-493B-8060-B7CDB2F36ACB}.Debug|Any CPU.Build.0 = Debug|Any CPU
		{0B7AFA1F-0C63-493B-8060-B7CDB2F36ACB}.Release|Any CPU.ActiveCfg = Release|Any CPU
		{0B7AFA1F-0C63-493B-8060-B7CDB2F36ACB}.Release|Any CPU.Build.0 = Release|Any CPU
	EndGlobalSection
	GlobalSection(SolutionProperties) = preSolution
		HideSolutionNode = FALSE
	EndGlobalSection
EndGlobal
