
Microsoft Visual Studio Solution File, Format Version 10.00
# Visual C# Express 2008
Project("{FAE04EC0-301F-11D3-BF4B-00C04F79EFBC}") = "Example 12-3 -- Conversion Operators", "Example 12-3 -- Conversion Operators\Example 12-3 -- Conversion Operators.csproj", "{D6A5AA07-6F6F-4407-B2FC-DED8CAD0DF57}"
EndProject
Global
	GlobalSection(SolutionConfigurationPlatforms) = preSolution
		Debug|Any CPU = Debug|Any CPU
		Release|Any CPU = Release|Any CPU
	EndGlobalSection
	GlobalSection(ProjectConfigurationPlatforms) = postSolution
		{D6A5AA07-6F6F-4407-B2FC-DED8CAD0DF57}.Debug|Any CPU.ActiveCfg = Debug|Any CPU
		{D6A5AA07-6F6F-4407-B2FC-DED8CAD0DF57}.Debug|Any CPU.Build.0 = Debug|Any CPU
		{D6A5AA07-6F6F-4407-B2FC-DED8CAD0DF57}.Release|Any CPU.ActiveCfg = Release|Any CPU
		{D6A5AA07-6F6F-4407-B2FC-DED8CAD0DF57}.Release|Any CPU.Build.0 = Release|Any CPU
	EndGlobalSection
	GlobalSection(SolutionProperties) = preSolution
		HideSolutionNode = FALSE
	EndGlobalSection
EndGlobal
