
Microsoft Visual Studio Solution File, Format Version 10.00
# Visual C# Express 2008
Project("{FAE04EC0-301F-11D3-BF4B-00C04F79EFBC}") = "Exercise 8-1", "Exercise 8-1.csproj", "{866520CF-4B7D-4464-ACEA-BE53C54436EB}"
EndProject
Global
	GlobalSection(SolutionConfigurationPlatforms) = preSolution
		Debug|Any CPU = Debug|Any CPU
		Release|Any CPU = Release|Any CPU
	EndGlobalSection
	GlobalSection(ProjectConfigurationPlatforms) = postSolution
		{866520CF-4B7D-4464-ACEA-BE53C54436EB}.Debug|Any CPU.ActiveCfg = Debug|Any CPU
		{866520CF-4B7D-4464-ACEA-BE53C54436EB}.Debug|Any CPU.Build.0 = Debug|Any CPU
		{866520CF-4B7D-4464-ACEA-BE53C54436EB}.Release|Any CPU.ActiveCfg = Release|Any CPU
		{866520CF-4B7D-4464-ACEA-BE53C54436EB}.Release|Any CPU.Build.0 = Release|Any CPU
	EndGlobalSection
	GlobalSection(SolutionProperties) = preSolution
		HideSolutionNode = FALSE
	EndGlobalSection
EndGlobal
