
Microsoft Visual Studio Solution File, Format Version 10.00
# Visual C# Express 2008
Project("{FAE04EC0-301F-11D3-BF4B-00C04F79EFBC}") = "Example 5-18 -- for Without Initialization", "Example 5-18 -- for Loop Without Initialization\Example 5-18 -- for Without Initialization.csproj", "{F2DBFE11-2F3A-46A0-BEE5-805131BDB4C6}"
EndProject
Global
	GlobalSection(SolutionConfigurationPlatforms) = preSolution
		Debug|Any CPU = Debug|Any CPU
		Release|Any CPU = Release|Any CPU
	EndGlobalSection
	GlobalSection(ProjectConfigurationPlatforms) = postSolution
		{F2DBFE11-2F3A-46A0-BEE5-805131BDB4C6}.Debug|Any CPU.ActiveCfg = Debug|Any CPU
		{F2DBFE11-2F3A-46A0-BEE5-805131BDB4C6}.Debug|Any CPU.Build.0 = Debug|Any CPU
		{F2DBFE11-2F3A-46A0-BEE5-805131BDB4C6}.Release|Any CPU.ActiveCfg = Release|Any CPU
		{F2DBFE11-2F3A-46A0-BEE5-805131BDB4C6}.Release|Any CPU.Build.0 = Release|Any CPU
	EndGlobalSection
	GlobalSection(SolutionProperties) = preSolution
		HideSolutionNode = FALSE
	EndGlobalSection
EndGlobal
