
Microsoft Visual Studio Solution File, Format Version 10.00
# Visual C# Express 2008
Project("{FAE04EC0-301F-11D3-BF4B-00C04F79EFBC}") = "Example 13-1 -- Implementing Interface", "Example 13-1 -- Implementing Interface\Example 13-1 -- Implementing Interface.csproj", "{A7D50B87-C175-4CF2-95EB-C35823B85A42}"
EndProject
Global
	GlobalSection(SolutionConfigurationPlatforms) = preSolution
		Debug|Any CPU = Debug|Any CPU
		Release|Any CPU = Release|Any CPU
	EndGlobalSection
	GlobalSection(ProjectConfigurationPlatforms) = postSolution
		{A7D50B87-C175-4CF2-95EB-C35823B85A42}.Debug|Any CPU.ActiveCfg = Debug|Any CPU
		{A7D50B87-C175-4CF2-95EB-C35823B85A42}.Debug|Any CPU.Build.0 = Debug|Any CPU
		{A7D50B87-C175-4CF2-95EB-C35823B85A42}.Release|Any CPU.ActiveCfg = Release|Any CPU
		{A7D50B87-C175-4CF2-95EB-C35823B85A42}.Release|Any CPU.Build.0 = Release|Any CPU
	EndGlobalSection
	GlobalSection(SolutionProperties) = preSolution
		HideSolutionNode = FALSE
	EndGlobalSection
EndGlobal
