
Microsoft Visual Studio Solution File, Format Version 10.00
# Visual C# Express 2008
Project("{FAE04EC0-301F-11D3-BF4B-00C04F79EFBC}") = "Example 5-15 -- The Modulus Operator", "Example 5-15 -- The Modulus Operator and the for Loop\Example 5-15 -- The Modulus Operator.csproj", "{36E210B0-3DB9-4057-AFBA-89E536638A82}"
EndProject
Global
	GlobalSection(SolutionConfigurationPlatforms) = preSolution
		Debug|Any CPU = Debug|Any CPU
		Release|Any CPU = Release|Any CPU
	EndGlobalSection
	GlobalSection(ProjectConfigurationPlatforms) = postSolution
		{36E210B0-3DB9-4057-AFBA-89E536638A82}.Debug|Any CPU.ActiveCfg = Debug|Any CPU
		{36E210B0-3DB9-4057-AFBA-89E536638A82}.Debug|Any CPU.Build.0 = Debug|Any CPU
		{36E210B0-3DB9-4057-AFBA-89E536638A82}.Release|Any CPU.ActiveCfg = Release|Any CPU
		{36E210B0-3DB9-4057-AFBA-89E536638A82}.Release|Any CPU.Build.0 = Release|Any CPU
	EndGlobalSection
	GlobalSection(SolutionProperties) = preSolution
		HideSolutionNode = FALSE
	EndGlobalSection
EndGlobal
